// !$*UTF8*$!
{
	archiveVersion = 1;
	classes = {
	};
	objectVersion = 50;
	objects = {

/* Begin PBXBuildFile section */
		BB23AFF825FA1EA300D7B4F3 /* AppDelegate.swift in Sources */ = {isa = PBXBuildFile; fileRef = BB23AFF725FA1EA300D7B4F3 /* AppDelegate.swift */; };
		BB23AFFA25FA1EA300D7B4F3 /* SceneDelegate.swift in Sources */ = {isa = PBXBuildFile; fileRef = BB23AFF925FA1EA300D7B4F3 /* SceneDelegate.swift */; };
		BB23AFFC25FA1EA300D7B4F3 /* ViewController.swift in Sources */ = {isa = PBXBuildFile; fileRef = BB23AFFB25FA1EA300D7B4F3 /* ViewController.swift */; };
		BB23B00125FA1EA500D7B4F3 /* Assets.xcassets in Resources */ = {isa = PBXBuildFile; fileRef = BB23B00025FA1EA500D7B4F3 /* Assets.xcassets */; };
		BB23B00D25FA1F1300D7B4F3 /* Main.storyboard in Resources */ = {isa = PBXBuildFile; fileRef = BB23B00C25FA1F1300D7B4F3 /* Main.storyboard */; };
		BB23B01125FA1F2A00D7B4F3 /* Pokemon.swift in Sources */ = {isa = PBXBuildFile; fileRef = BB23B01025FA1F2A00D7B4F3 /* Pokemon.swift */; };
		BB23B01425FA1F9900D7B4F3 /* LaunchScreen.storyboard in Resources */ = {isa = PBXBuildFile; fileRef = BB23B01325FA1F9900D7B4F3 /* LaunchScreen.storyboard */; };
		BB23B01825FA202400D7B4F3 /* pokemonDataHandler.swift in Sources */ = {isa = PBXBuildFile; fileRef = BB23B01725FA202400D7B4F3 /* pokemonDataHandler.swift */; };
/* End PBXBuildFile section */

/* Begin PBXFileReference section */
		BB23AFF425FA1EA300D7B4F3 /* k.app */ = {isa = PBXFileReference; explicitFileType = wrapper.application; includeInIndex = 0; path = k.app; sourceTree = BUILT_PRODUCTS_DIR; };
		BB23AFF725FA1EA300D7B4F3 /* AppDelegate.swift */ = {isa = PBXFileReference; lastKnownFileType = sourcecode.swift; path = AppDelegate.swift; sourceTree = "<group>"; };
		BB23AFF925FA1EA300D7B4F3 /* SceneDelegate.swift */ = {isa = PBXFileReference; lastKnownFileType = sourcecode.swift; path = SceneDelegate.swift; sourceTree = "<group>"; };
		BB23AFFB25FA1EA300D7B4F3 /* ViewController.swift */ = {isa = PBXFileReference; lastKnownFileType = sourcecode.swift; path = ViewController.swift; sourceTree = "<group>"; };
		BB23B00025FA1EA500D7B4F3 /* Assets.xcassets */ = {isa = PBXFileReference; lastKnownFileType = folder.assetcatalog; path = Assets.xcassets; sourceTree = "<group>"; };
		BB23B00525FA1EA500D7B4F3 /* Info.plist */ = {isa = PBXFileReference; lastKnownFileType = text.plist.xml; path = Info.plist; sourceTree = "<group>"; };
		BB23B00C25FA1F1300D7B4F3 /* Main.storyboard */ = {isa = PBXFileReference; fileEncoding = 4; lastKnownFileType = file.storyboard; path = Main.storyboard; sourceTree = "<group>"; };
		BB23B01025FA1F2A00D7B4F3 /* Pokemon.swift */ = {isa = PBXFileReference; fileEncoding = 4; lastKnownFileType = sourcecode.swift; path = Pokemon.swift; sourceTree = "<group>"; };
		BB23B01325FA1F9900D7B4F3 /* LaunchScreen.storyboard */ = {isa = PBXFileReference; fileEncoding = 4; lastKnownFileType = file.storyboard; path = LaunchScreen.storyboard; sourceTree = "<group>"; };
		BB23B01725FA202400D7B4F3 /* pokemonDataHandler.swift */ = {isa = PBXFileReference; fileEncoding = 4; lastKnownFileType = sourcecode.swift; path = pokemonDataHandler.swift; sourceTree = "<group>"; };
/* End PBXFileReference section */

/* Begin PBXFrameworksBuildPhase section */
		BB23AFF125FA1EA300D7B4F3 /* Frameworks */ = {
			isa = PBXFrameworksBuildPhase;
			buildActionMask = 2147483647;
			files = (
			);
			runOnlyForDeploymentPostprocessing = 0;
		};
/* End PBXFrameworksBuildPhase section */

/* Begin PBXGroup section */
		BB23AFEB25FA1EA300D7B4F3 = {
			isa = PBXGroup;
			children = (
				BB23AFF625FA1EA300D7B4F3 /* k */,
				BB23AFF525FA1EA300D7B4F3 /* Products */,
			);
			sourceTree = "<group>";
		};
		BB23AFF525FA1EA300D7B4F3 /* Products */ = {
			isa = PBXGroup;
			children = (
				BB23AFF425FA1EA300D7B4F3 /* k.app */,
			);
			name = Products;
			sourceTree = "<group>";
		};
		BB23AFF625FA1EA300D7B4F3 /* k */ = {
			isa = PBXGroup;
			children = (
				BB23AFF725FA1EA300D7B4F3 /* AppDelegate.swift */,
				BB23AFF925FA1EA300D7B4F3 /* SceneDelegate.swift */,
				BB23AFFB25FA1EA300D7B4F3 /* ViewController.swift */,
				BB23B01725FA202400D7B4F3 /* pokemonDataHandler.swift */,
				BB23B00C25FA1F1300D7B4F3 /* Main.storyboard */,
				BB23B01025FA1F2A00D7B4F3 /* Pokemon.swift */,
				BB23B00025FA1EA500D7B4F3 /* Assets.xcassets */,
				BB23B01325FA1F9900D7B4F3 /* LaunchScreen.storyboard */,
				BB23B00525FA1EA500D7B4F3 /* Info.plist */,
			);
			path = k;
			sourceTree = "<group>";
		};
/* End PBXGroup section */

/* Begin PBXNativeTarget section */
		BB23AFF325FA1EA300D7B4F3 /* k */ = {
			isa = PBXNativeTarget;
			buildConfigurationList = BB23B00825FA1EA500D7B4F3 /* Build configuration list for PBXNativeTarget "k" */;
			buildPhases = (
				BB23AFF025FA1EA300D7B4F3 /* Sources */,
				BB23AFF125FA1EA300D7B4F3 /* Frameworks */,
				BB23AFF225FA1EA300D7B4F3 /* Resources */,
			);
			buildRules = (
			);
			dependencies = (
			);
			name = k;
			productName = k;
			productReference = BB23AFF425FA1EA300D7B4F3 /* k.app */;
			productType = "com.apple.product-type.application";
		};
/* End PBXNativeTarget section */

/* Begin PBXProject section */
		BB23AFEC25FA1EA300D7B4F3 /* Project object */ = {
			isa = PBXProject;
			attributes = {
				LastSwiftUpdateCheck = 1220;
				LastUpgradeCheck = 1220;
				TargetAttributes = {
					BB23AFF325FA1EA300D7B4F3 = {
						CreatedOnToolsVersion = 12.2;
					};
				};
			};
			buildConfigurationList = BB23AFEF25FA1EA300D7B4F3 /* Build configuration list for PBXProject "k" */;
			compatibilityVersion = "Xcode 9.3";
			developmentRegion = en;
			hasScannedForEncodings = 0;
			knownRegions = (
				en,
				Base,
			);
			mainGroup = BB23AFEB25FA1EA300D7B4F3;
			productRefGroup = BB23AFF525FA1EA300D7B4F3 /* Products */;
			projectDirPath = "";
			projectRoot = "";
			targets = (
				BB23AFF325FA1EA300D7B4F3 /* k */,
			);
		};
/* End PBXProject section */

/* Begin PBXResourcesBuildPhase section */
		BB23AFF225FA1EA300D7B4F3 /* Resources */ = {
			isa = PBXResourcesBuildPhase;
			buildActionMask = 2147483647;
			files = (
				BB23B01425FA1F9900D7B4F3 /* LaunchScreen.storyboard in Resources */,
				BB23B00125FA1EA500D7B4F3 /* Assets.xcassets in Resources */,
				BB23B00D25FA1F1300D7B4F3 /* Main.storyboard in Resources */,
			);
			runOnlyForDeploymentPostprocessing = 0;
		};
/* End PBXResourcesBuildPhase section */

/* Begin PBXSourcesBuildPhase section */
		BB23AFF025FA1EA300D7B4F3 /* Sources */ = {
			isa = PBXSourcesBuildPhase;
			buildActionMask = 2147483647;
			files = (
				BB23AFFC25FA1EA300D7B4F3 /* ViewController.swift in Sources */,
				BB23B01125FA1F2A00D7B4F3 /* Pokemon.swift in Sources */,
				BB23B01825FA202400D7B4F3 /* pokemonDataHandler.swift in Sources */,
				BB23AFF825FA1EA300D7B4F3 /* AppDelegate.swift in Sources */,
				BB23AFFA25FA1EA300D7B4F3 /* SceneDelegate.swift in Sources */,
			);
			runOnlyForDeploymentPostprocessing = 0;
		};
/* End PBXSourcesBuildPhase section */

/* Begin XCBuildConfiguration section */
		BB23B00625FA1EA500D7B4F3 /* Debug */ = {
			isa = XCBuildConfiguration;
			buildSettings = {
				ALWAYS_SEARCH_USER_PATHS = NO;
				CLANG_ANALYZER_NONNULL = YES;
				CLANG_ANALYZER_NUMBER_OBJECT_CONVERSION = YES_AGGRESSIVE;
				CLANG_CXX_LANGUAGE_STANDARD = "gnu++14";
				CLANG_CXX_LIBRARY = "libc++";
				CLANG_ENABLE_MODULES = YES;
				CLANG_ENABLE_OBJC_ARC = YES;
				CLANG_ENABLE_OBJC_WEAK = YES;
				CLANG_WARN_BLOCK_CAPTURE_AUTORELEASING = YES;
				CLANG_WARN_BOOL_CONVERSION = YES;
				CLANG_WARN_COMMA = YES;
				CLANG_WARN_CONSTANT_CONVERSION = YES;
				CLANG_WARN_DEPRECATED_OBJC_IMPLEMENTATIONS = YES;
				CLANG_WARN_DIRECT_OBJC_ISA_USAGE = YES_ERROR;
				CLANG_WARN_DOCUMENTATION_COMMENTS = YES;
				CLANG_WARN_EMPTY_BODY = YES;
				CLANG_WARN_ENUM_CONVERSION = YES;
				CLANG_WARN_INFINITE_RECURSION = YES;
				CLANG_WARN_INT_CONVERSION = YES;
				CLANG_WARN_NON_LITERAL_NULL_CONVERSION = YES;
				CLANG_WARN_OBJC_IMPLICIT_RETAIN_SELF = YES;
				CLANG_WARN_OBJC_LITERAL_CONVERSION = YES;
				CLANG_WARN_OBJC_ROOT_CLASS = YES_ERROR;
				CLANG_WARN_QUOTED_INCLUDE_IN_FRAMEWORK_HEADER = YES;
				CLANG_WARN_RANGE_LOOP_ANALYSIS = YES;
				CLANG_WARN_STRICT_PROTOTYPES = YES;
				CLANG_WARN_SUSPICIOUS_MOVE = YES;
				CLANG_WARN_UNGUARDED_AVAILABILITY = YES_AGGRESSIVE;
				CLANG_WARN_UNREACHABLE_CODE = YES;
				CLANG_WARN__DUPLICATE_METHOD_MATCH = YES;
				COPY_PHASE_STRIP = NO;
				DEBUG_INFORMATION_FORMAT = dwarf;
				ENABLE_STRICT_OBJC_MSGSEND = YES;
				ENABLE_TESTABILITY = YES;
				GCC_C_LANGUAGE_STANDARD = gnu11;
				GCC_DYNAMIC_NO_PIC = NO;
				GCC_NO_COMMON_BLOCKS = YES;
				GCC_OPTIMIZATION_LEVEL = 0;
				GCC_PREPROCESSOR_DEFINITIONS = (
					"DEBUG=1",
					"$(inherited)",
				);
				GCC_WARN_64_TO_32_BIT_CONVERSION = YES;
				GCC_WARN_ABOUT_RETURN_TYPE = YES_ERROR;
				GCC_WARN_UNDECLARED_SELECTOR = YES;
				GCC_WARN_UNINITIALIZED_AUTOS = YES_AGGRESSIVE;
				GCC_WARN_UNUSED_FUNCTION = YES;
				GCC_WARN_UNUSED_VARIABLE = YES;
				IPHONEOS_DEPLOYMENT_TARGET = 14.2;
				MTL_ENABLE_DEBUG_INFO = INCLUDE_SOURCE;
				MTL_FAST_MATH = YES;
				ONLY_ACTIVE_ARCH = YES;
				SDKROOT = iphoneos;
				SWIFT_ACTIVE_COMPILATION_CONDITIONS = DEBUG;
				SWIFT_OPTIMIZATION_LEVEL = "-Onone";
			};
			name = Debug;
		};
		BB23B00725FA1EA500D7B4F3 /* Release */ = {
			isa = XCBuildConfiguration;
			buildSettings = {
				ALWAYS_SEARCH_USER_PATHS = NO;
				CLANG_ANALYZER_NONNULL = YES;
				CLANG_ANALYZER_NUMBER_OBJECT_CONVERSION = YES_AGGRESSIVE;
				CLANG_CXX_LANGUAGE_STANDARD = "gnu++14";
				CLANG_CXX_LIBRARY = "libc++";
				CLANG_ENABLE_MODULES = YES;
				CLANG_ENABLE_OBJC_ARC = YES;
				CLANG_ENABLE_OBJC_WEAK = YES;
				CLANG_WARN_BLOCK_CAPTURE_AUTORELEASING = YES;
				CLANG_WARN_BOOL_CONVERSION = YES;
				CLANG_WARN_COMMA = YES;
				CLANG_WARN_CONSTANT_CONVERSION = YES;
				CLANG_WARN_DEPRECATED_OBJC_IMPLEMENTATIONS = YES;
				CLANG_WARN_DIRECT_OBJC_ISA_USAGE = YES_ERROR;
				CLANG_WARN_DOCUMENTATION_COMMENTS = YES;
				CLANG_WARN_EMPTY_BODY = YES;
				CLANG_WARN_ENUM_CONVERSION = YES;
				CLANG_WARN_INFINITE_RECURSION = YES;
				CLANG_WARN_INT_CONVERSION = YES;
				CLANG_WARN_NON_LITERAL_NULL_CONVERSION = YES;
				CLANG_WARN_OBJC_IMPLICIT_RETAIN_SELF = YES;
				CLANG_WARN_OBJC_LITERAL_CONVERSION = YES;
				CLANG_WARN_OBJC_ROOT_CLASS = YES_ERROR;
				CLANG_WARN_QUOTED_INCLUDE_IN_FRAMEWORK_HEADER = YES;
				CLANG_WARN_RANGE_LOOP_ANALYSIS = YES;
				CLANG_WARN_STRICT_PROTOTYPES = YES;
				CLANG_WARN_SUSPICIOUS_MOVE = YES;
				CLANG_WARN_UNGUARDED_AVAILABILITY = YES_AGGRESSIVE;
				CLANG_WARN_UNREACHABLE_CODE = YES;
				CLANG_WARN__DUPLICATE_METHOD_MATCH = YES;
				COPY_PHASE_STRIP = NO;
				DEBUG_INFORMATION_FORMAT = "dwarf-with-dsym";
				ENABLE_NS_ASSERTIONS = NO;
				ENABLE_STRICT_OBJC_MSGSEND = YES;
				GCC_C_LANGUAGE_STANDARD = gnu11;
				GCC_NO_COMMON_BLOCKS = YES;
				GCC_WARN_64_TO_32_BIT_CONVERSION = YES;
				GCC_WARN_ABOUT_RETURN_TYPE = YES_ERROR;
				GCC_WARN_UNDECLARED_SELECTOR = YES;
				GCC_WARN_UNINITIALIZED_AUTOS = YES_AGGRESSIVE;
				GCC_WARN_UNUSED_FUNCTION = YES;
				GCC_WARN_UNUSED_VARIABLE = YES;
				IPHONEOS_DEPLOYMENT_TARGET = 14.2;
				MTL_ENABLE_DEBUG_INFO = NO;
				MTL_FAST_MATH = YES;
				SDKROOT = iphoneos;
				SWIFT_COMPILATION_MODE = wholemodule;
				SWIFT_OPTIMIZATION_LEVEL = "-O";
				VALIDATE_PRODUCT = YES;
			};
			name = Release;
		};
		BB23B00925FA1EA500D7B4F3 /* Debug */ = {
			isa = XCBuildConfiguration;
			buildSettings = {
				ASSETCATALOG_COMPILER_APPICON_NAME = AppIcon;
				ASSETCATALOG_COMPILER_GLOBAL_ACCENT_COLOR_NAME = AccentColor;
				CODE_SIGN_STYLE = Automatic;
				INFOPLIST_FILE = k/Info.plist;
				LD_RUNPATH_SEARCH_PATHS = (
					"$(inherited)",
					"@executable_path/Frameworks",
				);
				PRODUCT_BUNDLE_IDENTIFIER = k.k;
				PRODUCT_NAME = "$(TARGET_NAME)";
				SWIFT_VERSION = 5.0;
				TARGETED_DEVICE_FAMILY = "1,2";
			};
			name = Debug;
		};
		BB23B00A25FA1EA500D7B4F3 /* Release */ = {
			isa = XCBuildConfiguration;
			buildSettings = {
				ASSETCATALOG_COMPILER_APPICON_NAME = AppIcon;
				ASSETCATALOG_COMPILER_GLOBAL_ACCENT_COLOR_NAME = AccentColor;
				CODE_SIGN_STYLE = Automatic;
				INFOPLIST_FILE = k/Info.plist;
				LD_RUNPATH_SEARCH_PATHS = (
					"$(inherited)",
					"@executable_path/Frameworks",
				);
				PRODUCT_BUNDLE_IDENTIFIER = k.k;
				PRODUCT_NAME = "$(TARGET_NAME)";
				SWIFT_VERSION = 5.0;
				TARGETED_DEVICE_FAMILY = "1,2";
			};
			name = Release;
		};
/* End XCBuildConfiguration section */

/* Begin XCConfigurationList section */
		BB23AFEF25FA1EA300D7B4F3 /* Build configuration list for PBXProject "k" */ = {
			isa = XCConfigurationList;
			buildConfigurations = (
				BB23B00625FA1EA500D7B4F3 /* Debug */,
				BB23B00725FA1EA500D7B4F3 /* Release */,
			);
			defaultConfigurationIsVisible = 0;
			defaultConfigurationName = Release;
		};
		BB23B00825FA1EA500D7B4F3 /* Build configuration list for PBXNativeTarget "k" */ = {
			isa = XCConfigurationList;
			buildConfigurations = (
				BB23B00925FA1EA500D7B4F3 /* Debug */,
				BB23B00A25FA1EA500D7B4F3 /* Release */,
			);
			defaultConfigurationIsVisible = 0;
			defaultConfigurationName = Release;
		};
/* End XCConfigurationList section */
	};
	rootObject = BB23AFEC25FA1EA300D7B4F3 /* Project object */;
}
